
Microsoft Visual Studio Solution File, Format Version 12.00
# Visual Studio 15
VisualStudioVersion = 15.0.33801.198
MinimumVisualStudioVersion = 10.0.40219.1
Project("{FAE04EC0-301F-11D3-BF4B-00C04F79EFBC}") = "GurpsBattleCompanion", "WpfApp1\GurpsBattleCompanion.csproj", "{B098E9A7-C457-41B1-9C9E-C7CBED65147F}"
EndProject
Global
	GlobalSection(SolutionConfigurationPlatforms) = preSolution
		Debug|Any CPU = Debug|Any CPU
		Release|Any CPU = Release|Any CPU
	EndGlobalSection
	GlobalSection(ProjectConfigurationPlatforms) = postSolution
		{B098E9A7-C457-41B1-9C9E-C7CBED65147F}.Debug|Any CPU.ActiveCfg = Debug|Any CPU
		{B098E9A7-C457-41B1-9C9E-C7CBED65147F}.Debug|Any CPU.Build.0 = Debug|Any CPU
		{B098E9A7-C457-41B1-9C9E-C7CBED65147F}.Release|Any CPU.ActiveCfg = Release|Any CPU
		{B098E9A7-C457-41B1-9C9E-C7CBED65147F}.Release|Any CPU.Build.0 = Release|Any CPU
	EndGlobalSection
	GlobalSection(SolutionProperties) = preSolution
		HideSolutionNode = FALSE
	EndGlobalSection
	GlobalSection(ExtensibilityGlobals) = postSolution
		SolutionGuid = {C0E8A2AE-79C0-4A3A-B7B9-8909EE5028CB}
	EndGlobalSection
EndGlobal
